
Microsoft Visual Studio Solution File, Format Version 12.00
# Visual Studio Version 16
VisualStudioVersion = 16.0.31025.194
MinimumVisualStudioVersion = 10.0.40219.1
Project("{FAE04EC0-301F-11D3-BF4B-00C04F79EFBC}") = "HR", "HR.csproj", "{780C71CC-B79D-4690-AF4D-0367B97BD88E}"
EndProject
Global
	GlobalSection(SolutionConfigurationPlatforms) = preSolution
		Debug|Any CPU = Debug|Any CPU
		Release|Any CPU = Release|Any CPU
	EndGlobalSection
	GlobalSection(ProjectConfigurationPlatforms) = postSolution
		{780C71CC-B79D-4690-AF4D-0367B97BD88E}.Debug|Any CPU.ActiveCfg = Debug|Any CPU
		{780C71CC-B79D-4690-AF4D-0367B97BD88E}.Debug|Any CPU.Build.0 = Debug|Any CPU
		{780C71CC-B79D-4690-AF4D-0367B97BD88E}.Release|Any CPU.ActiveCfg = Release|Any CPU
		{780C71CC-B79D-4690-AF4D-0367B97BD88E}.Release|Any CPU.Build.0 = Release|Any CPU
	EndGlobalSection
	GlobalSection(SolutionProperties) = preSolution
		HideSolutionNode = FALSE
	EndGlobalSection
	GlobalSection(ExtensibilityGlobals) = postSolution
		SolutionGuid = {E2588932-27A5-43B8-A635-C182091F78B0}
	EndGlobalSection
EndGlobal
